
Microsoft Visual Studio Solution File, Format Version 12.00
Project("{2150E333-8FDC-42A3-9474-1A3956D46DE8}") = "Core", "Core", "{896528D2-0DAD-4452-9336-98A5203B609D}"
EndProject
Project("{2150E333-8FDC-42A3-9474-1A3956D46DE8}") = "Infastructure", "Infastructure", "{7E0EDA38-6E84-4D54-88F0-A7B0F0B12206}"
EndProject
Project("{2150E333-8FDC-42A3-9474-1A3956D46DE8}") = "Web", "Web", "{56D91136-5666-4CEE-9D3B-76D914504A90}"
EndProject
Project("{FAE04EC0-301F-11D3-BF4B-00C04F79EFBC}") = "BubbleGame.Domain", "BubbleGame.Domain\BubbleGame.Domain.csproj", "{9E772E77-D072-42CE-A5AE-77CE9B49FADE}"
EndProject
Project("{FAE04EC0-301F-11D3-BF4B-00C04F79EFBC}") = "BubbleGame.Application", "BubbleGame.Application\BubbleGame.Application.csproj", "{6382889D-0F50-4582-B9A5-2F4287C9E246}"
EndProject
Project("{FAE04EC0-301F-11D3-BF4B-00C04F79EFBC}") = "BubbleGame.Persistence", "BubbleGame.Persistence\BubbleGame.Persistence.csproj", "{B3CA9C45-9B92-4C97-A32A-237A8EF3962C}"
EndProject
Project("{FAE04EC0-301F-11D3-BF4B-00C04F79EFBC}") = "Api", "Api\Api.csproj", "{690A2DF4-F20D-42D9-BDB2-7A93E13DAF23}"
EndProject
Project("{FAE04EC0-301F-11D3-BF4B-00C04F79EFBC}") = "BubbleGame.Cache", "BubbleGame.Cache\BubbleGame.Cache.csproj", "{3AE1B9B6-BE06-42F7-9BD5-F058EFE3C07A}"
EndProject
Project("{FAE04EC0-301F-11D3-BF4B-00C04F79EFBC}") = "Api.Common", "Api.Common\Api.Common.csproj", "{612C5964-AB64-4CA6-B596-D3F38CEE190D}"
EndProject
Global
	GlobalSection(SolutionConfigurationPlatforms) = preSolution
		Debug|Any CPU = Debug|Any CPU
		Release|Any CPU = Release|Any CPU
	EndGlobalSection
	GlobalSection(NestedProjects) = preSolution
		{9E772E77-D072-42CE-A5AE-77CE9B49FADE} = {896528D2-0DAD-4452-9336-98A5203B609D}
		{6382889D-0F50-4582-B9A5-2F4287C9E246} = {896528D2-0DAD-4452-9336-98A5203B609D}
		{B3CA9C45-9B92-4C97-A32A-237A8EF3962C} = {7E0EDA38-6E84-4D54-88F0-A7B0F0B12206}
		{690A2DF4-F20D-42D9-BDB2-7A93E13DAF23} = {56D91136-5666-4CEE-9D3B-76D914504A90}
		{3AE1B9B6-BE06-42F7-9BD5-F058EFE3C07A} = {7E0EDA38-6E84-4D54-88F0-A7B0F0B12206}
		{612C5964-AB64-4CA6-B596-D3F38CEE190D} = {56D91136-5666-4CEE-9D3B-76D914504A90}
	EndGlobalSection
	GlobalSection(ProjectConfigurationPlatforms) = postSolution
		{9E772E77-D072-42CE-A5AE-77CE9B49FADE}.Debug|Any CPU.ActiveCfg = Debug|Any CPU
		{9E772E77-D072-42CE-A5AE-77CE9B49FADE}.Debug|Any CPU.Build.0 = Debug|Any CPU
		{9E772E77-D072-42CE-A5AE-77CE9B49FADE}.Release|Any CPU.ActiveCfg = Release|Any CPU
		{9E772E77-D072-42CE-A5AE-77CE9B49FADE}.Release|Any CPU.Build.0 = Release|Any CPU
		{6382889D-0F50-4582-B9A5-2F4287C9E246}.Debug|Any CPU.ActiveCfg = Debug|Any CPU
		{6382889D-0F50-4582-B9A5-2F4287C9E246}.Debug|Any CPU.Build.0 = Debug|Any CPU
		{6382889D-0F50-4582-B9A5-2F4287C9E246}.Release|Any CPU.ActiveCfg = Release|Any CPU
		{6382889D-0F50-4582-B9A5-2F4287C9E246}.Release|Any CPU.Build.0 = Release|Any CPU
		{B3CA9C45-9B92-4C97-A32A-237A8EF3962C}.Debug|Any CPU.ActiveCfg = Debug|Any CPU
		{B3CA9C45-9B92-4C97-A32A-237A8EF3962C}.Debug|Any CPU.Build.0 = Debug|Any CPU
		{B3CA9C45-9B92-4C97-A32A-237A8EF3962C}.Release|Any CPU.ActiveCfg = Release|Any CPU
		{B3CA9C45-9B92-4C97-A32A-237A8EF3962C}.Release|Any CPU.Build.0 = Release|Any CPU
		{690A2DF4-F20D-42D9-BDB2-7A93E13DAF23}.Debug|Any CPU.ActiveCfg = Debug|Any CPU
		{690A2DF4-F20D-42D9-BDB2-7A93E13DAF23}.Debug|Any CPU.Build.0 = Debug|Any CPU
		{690A2DF4-F20D-42D9-BDB2-7A93E13DAF23}.Release|Any CPU.ActiveCfg = Release|Any CPU
		{690A2DF4-F20D-42D9-BDB2-7A93E13DAF23}.Release|Any CPU.Build.0 = Release|Any CPU
		{3AE1B9B6-BE06-42F7-9BD5-F058EFE3C07A}.Debug|Any CPU.ActiveCfg = Debug|Any CPU
		{3AE1B9B6-BE06-42F7-9BD5-F058EFE3C07A}.Debug|Any CPU.Build.0 = Debug|Any CPU
		{3AE1B9B6-BE06-42F7-9BD5-F058EFE3C07A}.Release|Any CPU.ActiveCfg = Release|Any CPU
		{3AE1B9B6-BE06-42F7-9BD5-F058EFE3C07A}.Release|Any CPU.Build.0 = Release|Any CPU
		{612C5964-AB64-4CA6-B596-D3F38CEE190D}.Debug|Any CPU.ActiveCfg = Debug|Any CPU
		{612C5964-AB64-4CA6-B596-D3F38CEE190D}.Debug|Any CPU.Build.0 = Debug|Any CPU
		{612C5964-AB64-4CA6-B596-D3F38CEE190D}.Release|Any CPU.ActiveCfg = Release|Any CPU
		{612C5964-AB64-4CA6-B596-D3F38CEE190D}.Release|Any CPU.Build.0 = Release|Any CPU
	EndGlobalSection
EndGlobal
